{
  "name": "BannerSystem",
  "version": "1.0.0",
  "lockfileVersion": 3,
  "requires": true,
  "packages": {
    "": {
      "name": "BannerSystem",
      "version": "1.0.0",
      "license": "MIT",
      "dependencies": {
        "total4": "latest"
      }
    },
    "node_modules/total4": {
      "version": "0.0.99",
      "resolved": "https://registry.npmjs.org/total4/-/total4-0.0.99.tgz",
      "integrity": "sha512-vvFKkObjAyaweY6UG5QjG7pKlRNIsShRnuNSRP+zdWUi8MZvd7+bmZNeZpAysLF8fMT/KqKpTAv3d9LvC07itQ==",
      "license": "MIT",
      "bin": {
        "total4": "bin/total4"
      }
    }
  }
}
